
Microsoft Visual Studio Solution File, Format Version 12.00
# Visual Studio 15
VisualStudioVersion = 15.0.28307.572
MinimumVisualStudioVersion = 10.0.40219.1
Project("{FAE04EC0-301F-11D3-BF4B-00C04F79EFBC}") = "PublicLibrary", "PublicLibrary\PublicLibrary.csproj", "{59D76F85-BD8E-47EC-B7E8-1595073D7B7D}"
EndProject
Project("{FAE04EC0-301F-11D3-BF4B-00C04F79EFBC}") = "PublicLibrary.lip", "PublicLibrary.lip\PublicLibrary.lip.csproj", "{607DB133-5CA2-4248-B0C6-8CC693FFE704}"
EndProject
Project("{FAE04EC0-301F-11D3-BF4B-00C04F79EFBC}") = "PublicLibrary.NCALayer", "PublicLibrary.NCALayer\PublicLibrary.NCALayer.csproj", "{70CD4FB9-30BC-4D0E-A6C2-F04630DC596A}"
EndProject
Global
	GlobalSection(SolutionConfigurationPlatforms) = preSolution
		Debug|Any CPU = Debug|Any CPU
		Release|Any CPU = Release|Any CPU
	EndGlobalSection
	GlobalSection(ProjectConfigurationPlatforms) = postSolution
		{59D76F85-BD8E-47EC-B7E8-1595073D7B7D}.Debug|Any CPU.ActiveCfg = Debug|Any CPU
		{59D76F85-BD8E-47EC-B7E8-1595073D7B7D}.Debug|Any CPU.Build.0 = Debug|Any CPU
		{59D76F85-BD8E-47EC-B7E8-1595073D7B7D}.Release|Any CPU.ActiveCfg = Release|Any CPU
		{59D76F85-BD8E-47EC-B7E8-1595073D7B7D}.Release|Any CPU.Build.0 = Release|Any CPU
		{607DB133-5CA2-4248-B0C6-8CC693FFE704}.Debug|Any CPU.ActiveCfg = Debug|Any CPU
		{607DB133-5CA2-4248-B0C6-8CC693FFE704}.Debug|Any CPU.Build.0 = Debug|Any CPU
		{607DB133-5CA2-4248-B0C6-8CC693FFE704}.Release|Any CPU.ActiveCfg = Release|Any CPU
		{607DB133-5CA2-4248-B0C6-8CC693FFE704}.Release|Any CPU.Build.0 = Release|Any CPU
		{70CD4FB9-30BC-4D0E-A6C2-F04630DC596A}.Debug|Any CPU.ActiveCfg = Debug|Any CPU
		{70CD4FB9-30BC-4D0E-A6C2-F04630DC596A}.Debug|Any CPU.Build.0 = Debug|Any CPU
		{70CD4FB9-30BC-4D0E-A6C2-F04630DC596A}.Release|Any CPU.ActiveCfg = Release|Any CPU
		{70CD4FB9-30BC-4D0E-A6C2-F04630DC596A}.Release|Any CPU.Build.0 = Release|Any CPU
	EndGlobalSection
	GlobalSection(SolutionProperties) = preSolution
		HideSolutionNode = FALSE
	EndGlobalSection
	GlobalSection(ExtensibilityGlobals) = postSolution
		SolutionGuid = {08138F60-7CEE-43AA-90F7-2461C9053083}
	EndGlobalSection
EndGlobal
